
Microsoft Visual Studio Solution File, Format Version 12.00
# Visual Studio Version 17
VisualStudioVersion = 17.3.32519.111
MinimumVisualStudioVersion = 10.0.40219.1
Project("{FAE04EC0-301F-11D3-BF4B-00C04F79EFBC}") = "UpdateO2Cloud", "UpdateO2Cloud\UpdateO2Cloud.csproj", "{B6D8BFB3-9A29-4D66-9CAE-63DB376AD440}"
EndProject
Global
	GlobalSection(SolutionConfigurationPlatforms) = preSolution
		Debug|Any CPU = Debug|Any CPU
		Debug|x64 = Debug|x64
		Release|Any CPU = Release|Any CPU
		Release|x64 = Release|x64
	EndGlobalSection
	GlobalSection(ProjectConfigurationPlatforms) = postSolution
		{B6D8BFB3-9A29-4D66-9CAE-63DB376AD440}.Debug|Any CPU.ActiveCfg = Debug|Any CPU
		{B6D8BFB3-9A29-4D66-9CAE-63DB376AD440}.Debug|Any CPU.Build.0 = Debug|Any CPU
		{B6D8BFB3-9A29-4D66-9CAE-63DB376AD440}.Debug|x64.ActiveCfg = Debug|x64
		{B6D8BFB3-9A29-4D66-9CAE-63DB376AD440}.Debug|x64.Build.0 = Debug|x64
		{B6D8BFB3-9A29-4D66-9CAE-63DB376AD440}.Release|Any CPU.ActiveCfg = Release|Any CPU
		{B6D8BFB3-9A29-4D66-9CAE-63DB376AD440}.Release|Any CPU.Build.0 = Release|Any CPU
		{B6D8BFB3-9A29-4D66-9CAE-63DB376AD440}.Release|x64.ActiveCfg = Release|x64
		{B6D8BFB3-9A29-4D66-9CAE-63DB376AD440}.Release|x64.Build.0 = Release|x64
	EndGlobalSection
	GlobalSection(SolutionProperties) = preSolution
		HideSolutionNode = FALSE
	EndGlobalSection
	GlobalSection(ExtensibilityGlobals) = postSolution
		SolutionGuid = {FB9D4509-F289-4757-96CB-5552C7AE5E0E}
	EndGlobalSection
EndGlobal
